
Microsoft Visual Studio Solution File, Format Version 12.00
# Visual Studio 2013
VisualStudioVersion = 12.0.31101.0
MinimumVisualStudioVersion = 10.0.40219.1
Project("{FAE04EC0-301F-11D3-BF4B-00C04F79EFBC}") = "Orkidea.Pioneer.Business", "Orkidea.Pioneer.Business\Orkidea.Pioneer.Business.csproj", "{558C559A-EAEA-4678-B9E7-7337BCF9BCDD}"
EndProject
Project("{2150E333-8FDC-42A3-9474-1A3956D46DE8}") = "Business", "Business", "{95788DD5-6B66-4DE8-B882-BE4730A9D354}"
EndProject
Project("{2150E333-8FDC-42A3-9474-1A3956D46DE8}") = "DataManagement", "DataManagement", "{AD6BFBBA-AC01-4A0E-80A0-4A8758D4E72E}"
EndProject
Project("{FAE04EC0-301F-11D3-BF4B-00C04F79EFBC}") = "Orkidea.Pioneer.Entities", "Orkidea.Pioneer.Entities\Orkidea.Pioneer.Entities.csproj", "{87CCA7D3-7758-4E41-8A2B-1538ABD62C2C}"
EndProject
Project("{FAE04EC0-301F-11D3-BF4B-00C04F79EFBC}") = "Orkidea.Pioneer.DataAccesssEF", "Orkidea.Pioneer.DataAccesssEF\Orkidea.Pioneer.DataAccesssEF.csproj", "{3DC34878-FBB0-44F5-83D6-FFEDA8E830E9}"
EndProject
Project("{2150E333-8FDC-42A3-9474-1A3956D46DE8}") = "UI", "UI", "{624D4BD4-2EAB-4FF1-A838-C5AB77EB95D2}"
EndProject
Project("{FAE04EC0-301F-11D3-BF4B-00C04F79EFBC}") = "Orkidea.Pioneer.Webfront", "Orkidea.Pioneer.Webfront\Orkidea.Pioneer.Webfront.csproj", "{457CC148-9DBF-433F-BFC4-B1F737F90A5B}"
EndProject
Project("{2150E333-8FDC-42A3-9474-1A3956D46DE8}") = "PublishScripts", "PublishScripts", "{A533B0D9-0D54-476C-9CCE-6D6F17E904E3}"
	ProjectSection(SolutionItems) = preProject
		PublishScripts\AzureWebsitePublishModule.psm1 = PublishScripts\AzureWebsitePublishModule.psm1
		PublishScripts\Publish-WebApplicationWebsite.ps1 = PublishScripts\Publish-WebApplicationWebsite.ps1
	EndProjectSection
EndProject
Project("{2150E333-8FDC-42A3-9474-1A3956D46DE8}") = "Configurations", "Configurations", "{59894EB9-ECB9-4A88-8C98-D868E6845B79}"
	ProjectSection(SolutionItems) = preProject
		PublishScripts\Configurations\OrkideaPioneerWebfront-WAWS-dev.json = PublishScripts\Configurations\OrkideaPioneerWebfront-WAWS-dev.json
	EndProjectSection
EndProject
Project("{2150E333-8FDC-42A3-9474-1A3956D46DE8}") = "Utilities", "Utilities", "{D474C5C7-3BF7-49AE-8FFE-01AD736BB505}"
EndProject
Project("{FAE04EC0-301F-11D3-BF4B-00C04F79EFBC}") = "Orkidea.Pioneer.Utilities", "Orkidea.Pioneer.Utilities\Orkidea.Pioneer.Utilities.csproj", "{6C4D56CB-C02A-4C1C-9F54-38D8B34C1694}"
EndProject
Global
	GlobalSection(SolutionConfigurationPlatforms) = preSolution
		Debug|Any CPU = Debug|Any CPU
		Release|Any CPU = Release|Any CPU
	EndGlobalSection
	GlobalSection(ProjectConfigurationPlatforms) = postSolution
		{558C559A-EAEA-4678-B9E7-7337BCF9BCDD}.Debug|Any CPU.ActiveCfg = Debug|Any CPU
		{558C559A-EAEA-4678-B9E7-7337BCF9BCDD}.Debug|Any CPU.Build.0 = Debug|Any CPU
		{558C559A-EAEA-4678-B9E7-7337BCF9BCDD}.Release|Any CPU.ActiveCfg = Release|Any CPU
		{558C559A-EAEA-4678-B9E7-7337BCF9BCDD}.Release|Any CPU.Build.0 = Release|Any CPU
		{87CCA7D3-7758-4E41-8A2B-1538ABD62C2C}.Debug|Any CPU.ActiveCfg = Debug|Any CPU
		{87CCA7D3-7758-4E41-8A2B-1538ABD62C2C}.Debug|Any CPU.Build.0 = Debug|Any CPU
		{87CCA7D3-7758-4E41-8A2B-1538ABD62C2C}.Release|Any CPU.ActiveCfg = Release|Any CPU
		{87CCA7D3-7758-4E41-8A2B-1538ABD62C2C}.Release|Any CPU.Build.0 = Release|Any CPU
		{3DC34878-FBB0-44F5-83D6-FFEDA8E830E9}.Debug|Any CPU.ActiveCfg = Debug|Any CPU
		{3DC34878-FBB0-44F5-83D6-FFEDA8E830E9}.Debug|Any CPU.Build.0 = Debug|Any CPU
		{3DC34878-FBB0-44F5-83D6-FFEDA8E830E9}.Release|Any CPU.ActiveCfg = Release|Any CPU
		{3DC34878-FBB0-44F5-83D6-FFEDA8E830E9}.Release|Any CPU.Build.0 = Release|Any CPU
		{457CC148-9DBF-433F-BFC4-B1F737F90A5B}.Debug|Any CPU.ActiveCfg = Debug|Any CPU
		{457CC148-9DBF-433F-BFC4-B1F737F90A5B}.Debug|Any CPU.Build.0 = Debug|Any CPU
		{457CC148-9DBF-433F-BFC4-B1F737F90A5B}.Release|Any CPU.ActiveCfg = Release|Any CPU
		{457CC148-9DBF-433F-BFC4-B1F737F90A5B}.Release|Any CPU.Build.0 = Release|Any CPU
		{6C4D56CB-C02A-4C1C-9F54-38D8B34C1694}.Debug|Any CPU.ActiveCfg = Debug|Any CPU
		{6C4D56CB-C02A-4C1C-9F54-38D8B34C1694}.Debug|Any CPU.Build.0 = Debug|Any CPU
		{6C4D56CB-C02A-4C1C-9F54-38D8B34C1694}.Release|Any CPU.ActiveCfg = Release|Any CPU
		{6C4D56CB-C02A-4C1C-9F54-38D8B34C1694}.Release|Any CPU.Build.0 = Release|Any CPU
	EndGlobalSection
	GlobalSection(SolutionProperties) = preSolution
		HideSolutionNode = FALSE
	EndGlobalSection
	GlobalSection(NestedProjects) = preSolution
		{558C559A-EAEA-4678-B9E7-7337BCF9BCDD} = {95788DD5-6B66-4DE8-B882-BE4730A9D354}
		{87CCA7D3-7758-4E41-8A2B-1538ABD62C2C} = {AD6BFBBA-AC01-4A0E-80A0-4A8758D4E72E}
		{3DC34878-FBB0-44F5-83D6-FFEDA8E830E9} = {AD6BFBBA-AC01-4A0E-80A0-4A8758D4E72E}
		{457CC148-9DBF-433F-BFC4-B1F737F90A5B} = {624D4BD4-2EAB-4FF1-A838-C5AB77EB95D2}
		{59894EB9-ECB9-4A88-8C98-D868E6845B79} = {A533B0D9-0D54-476C-9CCE-6D6F17E904E3}
		{6C4D56CB-C02A-4C1C-9F54-38D8B34C1694} = {D474C5C7-3BF7-49AE-8FFE-01AD736BB505}
	EndGlobalSection
EndGlobal
